
Microsoft Visual Studio Solution File, Format Version 12.00
# Visual Studio 15
VisualStudioVersion = 15.0.27428.2043
MinimumVisualStudioVersion = 10.0.40219.1
Project("{FAE04EC0-301F-11D3-BF4B-00C04F79EFBC}") = "demo-b2c", "demo-b2c\demo-b2c.csproj", "{33801FF0-2DBF-4383-8539-96D995D4C54A}"
EndProject
Global
	GlobalSection(SolutionConfigurationPlatforms) = preSolution
		Debug|Any CPU = Debug|Any CPU
		Release|Any CPU = Release|Any CPU
	EndGlobalSection
	GlobalSection(ProjectConfigurationPlatforms) = postSolution
		{33801FF0-2DBF-4383-8539-96D995D4C54A}.Debug|Any CPU.ActiveCfg = Debug|Any CPU
		{33801FF0-2DBF-4383-8539-96D995D4C54A}.Debug|Any CPU.Build.0 = Debug|Any CPU
		{33801FF0-2DBF-4383-8539-96D995D4C54A}.Release|Any CPU.ActiveCfg = Release|Any CPU
		{33801FF0-2DBF-4383-8539-96D995D4C54A}.Release|Any CPU.Build.0 = Release|Any CPU
	EndGlobalSection
	GlobalSection(SolutionProperties) = preSolution
		HideSolutionNode = FALSE
	EndGlobalSection
	GlobalSection(ExtensibilityGlobals) = postSolution
		SolutionGuid = {058A417B-7FA1-48C4-94FE-76E0C8C68CDC}
	EndGlobalSection
EndGlobal
